
Microsoft Visual Studio Solution File, Format Version 12.00
# Visual Studio 15
VisualStudioVersion = 15.0.27703.2042
MinimumVisualStudioVersion = 10.0.40219.1
Project("{FAE04EC0-301F-11D3-BF4B-00C04F79EFBC}") = "EffortlessBus", "EffortlessBus\EffortlessBus.csproj", "{0743FBF9-20A8-47A4-9727-40A5175E1DDF}"
EndProject
Project("{FAE04EC0-301F-11D3-BF4B-00C04F79EFBC}") = "Simulacao", "Simulacao\Simulacao.csproj", "{5E853C07-E0BB-4D0F-A202-2E138D7D01FF}"
EndProject
Global
	GlobalSection(SolutionConfigurationPlatforms) = preSolution
		Debug|Any CPU = Debug|Any CPU
		Release|Any CPU = Release|Any CPU
	EndGlobalSection
	GlobalSection(ProjectConfigurationPlatforms) = postSolution
		{0743FBF9-20A8-47A4-9727-40A5175E1DDF}.Debug|Any CPU.ActiveCfg = Debug|Any CPU
		{0743FBF9-20A8-47A4-9727-40A5175E1DDF}.Debug|Any CPU.Build.0 = Debug|Any CPU
		{0743FBF9-20A8-47A4-9727-40A5175E1DDF}.Release|Any CPU.ActiveCfg = Release|Any CPU
		{0743FBF9-20A8-47A4-9727-40A5175E1DDF}.Release|Any CPU.Build.0 = Release|Any CPU
		{5E853C07-E0BB-4D0F-A202-2E138D7D01FF}.Debug|Any CPU.ActiveCfg = Debug|Any CPU
		{5E853C07-E0BB-4D0F-A202-2E138D7D01FF}.Debug|Any CPU.Build.0 = Debug|Any CPU
		{5E853C07-E0BB-4D0F-A202-2E138D7D01FF}.Release|Any CPU.ActiveCfg = Release|Any CPU
		{5E853C07-E0BB-4D0F-A202-2E138D7D01FF}.Release|Any CPU.Build.0 = Release|Any CPU
	EndGlobalSection
	GlobalSection(SolutionProperties) = preSolution
		HideSolutionNode = FALSE
	EndGlobalSection
	GlobalSection(ExtensibilityGlobals) = postSolution
		SolutionGuid = {9C654ABB-BBBE-4D8D-B066-488413345F0F}
	EndGlobalSection
EndGlobal
